
Microsoft Visual Studio Solution File, Format Version 12.00
# Visual Studio Version 17
VisualStudioVersion = 17.3.32825.248
MinimumVisualStudioVersion = 10.0.40219.1
Project("{FAE04EC0-301F-11D3-BF4B-00C04F79EFBC}") = "DonutsXDevs", "DonutsXDevs.csproj", "{4C6D7689-E041-41C0-8913-5D5322F177BE}"
EndProject
Global
	GlobalSection(SolutionConfigurationPlatforms) = preSolution
		Debug|Any CPU = Debug|Any CPU
		Release|Any CPU = Release|Any CPU
	EndGlobalSection
	GlobalSection(ProjectConfigurationPlatforms) = postSolution
		{4C6D7689-E041-41C0-8913-5D5322F177BE}.Debug|Any CPU.ActiveCfg = Debug|Any CPU
		{4C6D7689-E041-41C0-8913-5D5322F177BE}.Debug|Any CPU.Build.0 = Debug|Any CPU
		{4C6D7689-E041-41C0-8913-5D5322F177BE}.Release|Any CPU.ActiveCfg = Release|Any CPU
		{4C6D7689-E041-41C0-8913-5D5322F177BE}.Release|Any CPU.Build.0 = Release|Any CPU
	EndGlobalSection
	GlobalSection(SolutionProperties) = preSolution
		HideSolutionNode = FALSE
	EndGlobalSection
	GlobalSection(ExtensibilityGlobals) = postSolution
		SolutionGuid = {8BB49183-DB38-4AB4-BB35-8C3BF3B17721}
	EndGlobalSection
EndGlobal
